{
  "version": 4,
  "terraform_version": "1.3.5",
  "serial": 101,
  "lineage": "93ba6693-b093-faae-483a-3c839ca35a8e",
  "outputs": {
    "gke_endpoint": {
      "value": "35.240.127.75",
      "type": "string"
    }
  },
  "resources": [
    {
      "mode": "data",
      "type": "google_client_config",
      "name": "provider",
      "provider": "provider[\"registry.terraform.io/hashicorp/google\"]",
      "instances": [
        {
          "schema_version": 0,
          "attributes": {
            "access_token": "ya29.a0AeTM1ifIJDv5EX2G96DxK_R9HeK42C4xJtOuBedMWzYQIPSzfYC1qemKxLNuJ0ekkcyRn5nnjnQNnHQTxt6Nhbfbpt31qOGk45UpocVMzbsWbKdn4XVQgQs7pH7nAqvqENrmSvBBzfdu9G79bqfvJm2mtRf6VeoaCgYKAYoSARMSFQHWtWOmp-BhBNm-3TkLGR9NmBeOtQ0166",
            "id": "projects/koen-gcompany-demo/regions/europe-west1/zones/",
            "project": "koen-gcompany-demo",
            "region": "europe-west1",
            "zone": ""
          },
          "sensitive_attributes": []
        }
      ]
    },
    {
      "mode": "managed",
      "type": "google_container_cluster",
      "name": "primary",
      "provider": "provider[\"registry.terraform.io/hashicorp/google-beta\"]",
      "instances": [
        {
          "schema_version": 1,
          "attributes": {
            "addons_config": [
              {
                "cloudrun_config": [],
                "config_connector_config": [
                  {
                    "enabled": true
                  }
                ],
                "dns_cache_config": [],
                "gce_persistent_disk_csi_driver_config": [
                  {
                    "enabled": true
                  }
                ],
                "gcp_filestore_csi_driver_config": [],
                "gke_backup_agent_config": [],
                "horizontal_pod_autoscaling": [],
                "http_load_balancing": [],
                "istio_config": [],
                "kalm_config": [],
                "network_policy_config": [
                  {
                    "disabled": true
                  }
                ]
              }
            ],
            "authenticator_groups_config": [],
            "binary_authorization": [
              {
                "enabled": false,
                "evaluation_mode": ""
              }
            ],
            "cluster_autoscaling": [
              {
                "auto_provisioning_defaults": [],
                "autoscaling_profile": "BALANCED",
                "enabled": false,
                "resource_limits": []
              }
            ],
            "cluster_ipv4_cidr": "10.69.0.0/16",
            "cluster_telemetry": [
              {
                "type": "ENABLED"
              }
            ],
            "confidential_nodes": [],
            "cost_management_config": [],
            "database_encryption": [
              {
                "key_name": "",
                "state": "DECRYPTED"
              }
            ],
            "datapath_provider": "",
            "default_max_pods_per_node": 110,
            "default_snat_status": [
              {
                "disabled": false
              }
            ],
            "description": "",
            "dns_config": [],
            "enable_autopilot": false,
            "enable_binary_authorization": false,
            "enable_intranode_visibility": false,
            "enable_kubernetes_alpha": false,
            "enable_l4_ilb_subsetting": false,
            "enable_legacy_abac": false,
            "enable_shielded_nodes": true,
            "enable_tpu": false,
            "endpoint": "35.240.127.75",
            "id": "projects/xke-configconn-demo/locations/europe-west1/clusters/xke-cc",
            "identity_service_config": [],
            "initial_node_count": 1,
            "ip_allocation_policy": [
              {
                "cluster_ipv4_cidr_block": "10.69.0.0/16",
                "cluster_secondary_range_name": "gke-xke-cc-pods-3f84d67f",
                "services_ipv4_cidr_block": "10.70.0.0/22",
                "services_secondary_range_name": "gke-xke-cc-services-3f84d67f"
              }
            ],
            "label_fingerprint": "a9dc16a7",
            "location": "europe-west1",
            "logging_config": [
              {
                "enable_components": [
                  "SYSTEM_COMPONENTS",
                  "WORKLOADS"
                ]
              }
            ],
            "logging_service": "logging.googleapis.com/kubernetes",
            "maintenance_policy": [],
            "master_auth": [
              {
                "client_certificate": "",
                "client_certificate_config": [
                  {
                    "issue_client_certificate": false
                  }
                ],
                "client_key": "",
                "cluster_ca_certificate": "LS0tLS1CRUdJTiBDRVJUSUZJQ0FURS0tLS0tCk1JSUVMRENDQXBTZ0F3SUJBZ0lRUGZRUVpLOTRZR25FMVVkeDNHVVBsREFOQmdrcWhraUc5dzBCQVFzRkFEQXYKTVMwd0t3WURWUVFERXlSa01qUTJZV0ZtTUMxak5HTmhMVFF5T0RjdE9UazNNQzAxWTJOa1lqUmlPR1psTTJNdwpJQmNOTWpJeE1USTFNVEUxT1RVMldoZ1BNakExTWpFeE1UY3hNalU1TlRaYU1DOHhMVEFyQmdOVkJBTVRKR1F5Ck5EWmhZV1l3TFdNMFkyRXROREk0TnkwNU9UY3dMVFZqWTJSaU5HSTRabVV6WXpDQ0FhSXdEUVlKS29aSWh2Y04KQVFFQkJRQURnZ0dQQURDQ0FZb0NnZ0dCQUxuL3FWNHJ6b1dZbklMeXR5YVIwOHd0Ri9ibmQwMUc4UzEwMnd3SAprY21FRlNlYlVzOFcwaWd3MTVoc21qYXFCakZYVWdzQzUrdDFWYU5EYkU0a1F4cFo4K25jNS82aXVCWWFZNTVXClhTTzJ6L2p5d2pzR3VKWGNsMDdrOEkxV05lYlduTTZRZ29XZzMrQUd6UGd4b3l3ZWZqZFFQRkRUYlBtWWxtV3YKVlE0TzNNU2t2Z3M1WXBxcG91Q3FxeEtVdWhyVDM3VGxWSGlYMVVOL3ptMWgxcTlxVUtBVnptT0RkMFpBVk52UApQT3hUTjBSdGZoYnBNZThIUmdsQXBjNHp4SFZOU2Jjemh5amZKK0l6QWFaNTRaM2lmM1JlenNsWWFKQTlIcnUwCjNrUGlKczFka095dmlFTDAxT0ErbUdjQzJob3l2RUxuOFFwdkpkMWoyQktyYkNxNE5Ia2lQK1FvMVZRbXYyLysKMFFuRUVTRWcvUWd4QjN2cC94Q0dPcmtTZm9VWTd3SUowWHVvNVFTcVJQMjE2RkpEUGVJOVliUnliYldwNWlmVQpxT0hDTW8xck9DdlQxdTFBa0ZpdjdSVDVRN05kVThELy96bHpQUU1VaWRVMDgrKzFCY1pnTERHYU5PM0s0WGFvCi9lNk43Z1hLa1haK1hSN0IwOE1WNnU5VlV3SURBUUFCbzBJd1FEQU9CZ05WSFE4QkFmOEVCQU1DQWdRd0R3WUQKVlIwVEFRSC9CQVV3QXdFQi96QWRCZ05WSFE0RUZnUVVTbXZwQXV5L3ZHOHpYazh3V3B3ayt1SmFmTFl3RFFZSgpLb1pJaHZjTkFRRUxCUUFEZ2dHQkFGTWtmZjRDcnk5TXdKUzgvZUdmY0dsOThGeW9PSnYxMlMxUGJwdUVMOHhHCm1CN2xSZ3plTnZPVUFYbldybFVESGp5ODlQdDFrNjQ0elhMcmVoZjRISmVBbHlNZHpxTTJkKzJIbW5qSFREcmwKZWw4bVJXOU12dTByMkNpTzgvdmNzVWlBRVpiTkhkSjVsNEpFRFJ3MFE2aFVLTlJHcDkreGlUbFlSZDZ1cHU2RwpEdXNTUHlyUUQvcmZPVUpDQnVPVHk4akw1L1FNa1VWVHQ0QkdZZEErUnA1R1VyUi9LTmM3elBrRUNYMDRUMlMwCkFNeFEvSFBMWEY5Rm5Gei8zOVlNMGcvb1BkWHZDWkZpTFNwQ3BrbDUwaW1Ic3ZGQXJKY0xWMDBoMGg5b0J5azQKN0Y1aDkvZzJrT0JSWGIzUlF3YW9RSEJBL29aQUdpTXNzWkdmdnRYTE5SS2k4cjl5NWM0bHV0SE5ESTYxUTdwSApVTjh1YU56RjJvdnY5R09rZUFMSlhtRlB2RkpjaG82TUVyQWN4OGhwcTdhbzFnbEZoUkxzSHZxWTJmc1ZxV3M3CkJiVUcrNlVrZnNxWXhsdDliUDVVVG9lSkhDalUydE1jZFhiUXFSR2lYczMyWENaMHYrMDNZUnA1MFRsNTdiRDkKWEErTElEM05OQVpQWHhXVkZiY2Q3QT09Ci0tLS0tRU5EIENFUlRJRklDQVRFLS0tLS0K"
              }
            ],
            "master_authorized_networks_config": [],
            "master_version": "1.23.12-gke.100",
            "mesh_certificates": [],
            "min_master_version": null,
            "monitoring_config": [
              {
                "enable_components": [
                  "SYSTEM_COMPONENTS"
                ],
                "managed_prometheus": []
              }
            ],
            "monitoring_service": "monitoring.googleapis.com/kubernetes",
            "name": "xke-cc",
            "network": "projects/xke-configconn-demo/global/networks/default",
            "network_policy": [
              {
                "enabled": false,
                "provider": "PROVIDER_UNSPECIFIED"
              }
            ],
            "networking_mode": "VPC_NATIVE",
            "node_config": [
              {
                "boot_disk_kms_key": "",
                "disk_size_gb": 100,
                "disk_type": "pd-standard",
                "ephemeral_storage_config": [],
                "gcfs_config": [],
                "guest_accelerator": [],
                "gvnic": [],
                "image_type": "COS_CONTAINERD",
                "kubelet_config": [],
                "labels": {},
                "linux_node_config": [],
                "local_ssd_count": 0,
                "logging_variant": "DEFAULT",
                "machine_type": "e2-medium",
                "metadata": {
                  "disable-legacy-endpoints": "true"
                },
                "min_cpu_platform": "",
                "node_group": "",
                "oauth_scopes": [
                  "https://www.googleapis.com/auth/cloud-platform"
                ],
                "preemptible": false,
                "reservation_affinity": [],
                "sandbox_config": [],
                "service_account": "cluster-sa@xke-configconn-demo.iam.gserviceaccount.com",
                "shielded_instance_config": [
                  {
                    "enable_integrity_monitoring": true,
                    "enable_secure_boot": false
                  }
                ],
                "spot": false,
                "tags": [],
                "taint": [],
                "workload_metadata_config": [
                  {
                    "mode": "GKE_METADATA"
                  }
                ]
              }
            ],
            "node_locations": [
              "europe-west1-b",
              "europe-west1-c",
              "europe-west1-d"
            ],
            "node_pool": [
              {
                "autoscaling": [],
                "initial_node_count": 1,
                "instance_group_urls": [
                  "https://www.googleapis.com/compute/v1/projects/xke-configconn-demo/zones/europe-west1-b/instanceGroupManagers/gke-xke-cc-default-pool-542ae02f-grp",
                  "https://www.googleapis.com/compute/v1/projects/xke-configconn-demo/zones/europe-west1-d/instanceGroupManagers/gke-xke-cc-default-pool-269b92ba-grp",
                  "https://www.googleapis.com/compute/v1/projects/xke-configconn-demo/zones/europe-west1-c/instanceGroupManagers/gke-xke-cc-default-pool-cf2f81c7-grp"
                ],
                "managed_instance_group_urls": [
                  "https://www.googleapis.com/compute/beta/projects/xke-configconn-demo/zones/europe-west1-b/instanceGroups/gke-xke-cc-default-pool-542ae02f-grp",
                  "https://www.googleapis.com/compute/beta/projects/xke-configconn-demo/zones/europe-west1-d/instanceGroups/gke-xke-cc-default-pool-269b92ba-grp",
                  "https://www.googleapis.com/compute/beta/projects/xke-configconn-demo/zones/europe-west1-c/instanceGroups/gke-xke-cc-default-pool-cf2f81c7-grp"
                ],
                "management": [
                  {
                    "auto_repair": true,
                    "auto_upgrade": true
                  }
                ],
                "max_pods_per_node": 110,
                "name": "default-pool",
                "name_prefix": "",
                "network_config": [
                  {
                    "create_pod_range": false,
                    "pod_ipv4_cidr_block": "10.69.0.0/16",
                    "pod_range": "gke-xke-cc-pods-3f84d67f"
                  }
                ],
                "node_config": [
                  {
                    "boot_disk_kms_key": "",
                    "disk_size_gb": 100,
                    "disk_type": "pd-standard",
                    "ephemeral_storage_config": [],
                    "gcfs_config": [],
                    "guest_accelerator": [],
                    "gvnic": [],
                    "image_type": "COS_CONTAINERD",
                    "kubelet_config": [],
                    "labels": {},
                    "linux_node_config": [],
                    "local_ssd_count": 0,
                    "logging_variant": "DEFAULT",
                    "machine_type": "e2-medium",
                    "metadata": {
                      "disable-legacy-endpoints": "true"
                    },
                    "min_cpu_platform": "",
                    "node_group": "",
                    "oauth_scopes": [
                      "https://www.googleapis.com/auth/cloud-platform"
                    ],
                    "preemptible": false,
                    "reservation_affinity": [],
                    "sandbox_config": [],
                    "service_account": "cluster-sa@xke-configconn-demo.iam.gserviceaccount.com",
                    "shielded_instance_config": [
                      {
                        "enable_integrity_monitoring": true,
                        "enable_secure_boot": false
                      }
                    ],
                    "spot": false,
                    "tags": [],
                    "taint": [],
                    "workload_metadata_config": [
                      {
                        "mode": "GKE_METADATA"
                      }
                    ]
                  }
                ],
                "node_count": 1,
                "node_locations": [
                  "europe-west1-b",
                  "europe-west1-c",
                  "europe-west1-d"
                ],
                "placement_policy": [],
                "upgrade_settings": [
                  {
                    "blue_green_settings": [],
                    "max_surge": 1,
                    "max_unavailable": 0,
                    "strategy": "SURGE"
                  }
                ],
                "version": "1.23.12-gke.100"
              }
            ],
            "node_pool_auto_config": [
              {
                "network_tags": []
              }
            ],
            "node_pool_defaults": [
              {
                "node_config_defaults": [
                  {
                    "gcfs_config": [],
                    "logging_variant": "DEFAULT"
                  }
                ]
              }
            ],
            "node_version": "1.23.12-gke.100",
            "notification_config": [
              {
                "pubsub": [
                  {
                    "enabled": false,
                    "filter": [],
                    "topic": ""
                  }
                ]
              }
            ],
            "operation": null,
            "pod_security_policy_config": [
              {
                "enabled": false
              }
            ],
            "private_cluster_config": [
              {
                "enable_private_endpoint": false,
                "enable_private_nodes": true,
                "master_global_access_config": [
                  {
                    "enabled": false
                  }
                ],
                "master_ipv4_cidr_block": "10.0.0.0/28",
                "peering_name": "gke-n836117019d49913b68a-c5cf-b60c-peer",
                "private_endpoint": "10.0.0.2",
                "public_endpoint": "35.240.127.75"
              }
            ],
            "private_ipv6_google_access": "",
            "project": "xke-configconn-demo",
            "release_channel": [
              {
                "channel": "REGULAR"
              }
            ],
            "remove_default_node_pool": null,
            "resource_labels": {},
            "resource_usage_export_config": [],
            "self_link": "https://container.googleapis.com/v1beta1/projects/xke-configconn-demo/locations/europe-west1/clusters/xke-cc",
            "service_external_ips_config": [
              {
                "enabled": false
              }
            ],
            "services_ipv4_cidr": "10.70.0.0/22",
            "subnetwork": "projects/xke-configconn-demo/regions/europe-west1/subnetworks/default",
            "timeouts": {
              "create": "30m",
              "delete": null,
              "read": null,
              "update": "40m"
            },
            "tpu_config": [],
            "tpu_ipv4_cidr_block": "",
            "vertical_pod_autoscaling": [],
            "workload_identity_config": [
              {
                "workload_pool": "xke-configconn-demo.svc.id.goog"
              }
            ]
          },
          "sensitive_attributes": [],
          "private": "eyJlMmJmYjczMC1lY2FhLTExZTYtOGY4OC0zNDM2M2JjN2M0YzAiOnsiY3JlYXRlIjoxODAwMDAwMDAwMDAwLCJkZWxldGUiOjI0MDAwMDAwMDAwMDAsInJlYWQiOjI0MDAwMDAwMDAwMDAsInVwZGF0ZSI6MjQwMDAwMDAwMDAwMH0sInNjaGVtYV92ZXJzaW9uIjoiMSJ9",
          "dependencies": [
            "google_project.configconnector_project",
            "google_project_service.services",
            "google_service_account.cluster_sa"
          ]
        }
      ]
    },
    {
      "mode": "managed",
      "type": "google_project",
      "name": "configconnector_project",
      "provider": "provider[\"registry.terraform.io/hashicorp/google\"]",
      "instances": [
        {
          "schema_version": 1,
          "attributes": {
            "auto_create_network": true,
            "billing_account": "01A619-DC79EF-6489D9",
            "folder_id": "425096129624",
            "id": "projects/xke-configconn-demo",
            "labels": {},
            "name": "xke demo cc",
            "number": "82161882025",
            "org_id": "",
            "project_id": "xke-configconn-demo",
            "skip_delete": null,
            "timeouts": null
          },
          "sensitive_attributes": [],
          "private": "eyJlMmJmYjczMC1lY2FhLTExZTYtOGY4OC0zNDM2M2JjN2M0YzAiOnsiY3JlYXRlIjo2MDAwMDAwMDAwMDAsImRlbGV0ZSI6NjAwMDAwMDAwMDAwLCJyZWFkIjo2MDAwMDAwMDAwMDAsInVwZGF0ZSI6NjAwMDAwMDAwMDAwfSwic2NoZW1hX3ZlcnNpb24iOiIxIn0="
        }
      ]
    },
    {
      "mode": "managed",
      "type": "google_project_iam_member",
      "name": "cc_sa_iam",
      "provider": "provider[\"registry.terraform.io/hashicorp/google\"]",
      "instances": [
        {
          "schema_version": 0,
          "attributes": {
            "condition": [],
            "etag": "BwXuS6MR9LY=",
            "id": "xke-configconn-demo/roles/owner/serviceAccount:configconnector-sa@xke-configconn-demo.iam.gserviceaccount.com",
            "member": "serviceAccount:configconnector-sa@xke-configconn-demo.iam.gserviceaccount.com",
            "project": "xke-configconn-demo",
            "role": "roles/owner"
          },
          "sensitive_attributes": [],
          "private": "bnVsbA==",
          "dependencies": [
            "google_project.configconnector_project",
            "google_service_account.cc_sa"
          ]
        }
      ]
    },
    {
      "mode": "managed",
      "type": "google_project_iam_member",
      "name": "project",
      "provider": "provider[\"registry.terraform.io/hashicorp/google\"]",
      "instances": [
        {
          "schema_version": 0,
          "attributes": {
            "condition": [],
            "etag": "BwXuS6MR9LY=",
            "id": "xke-configconn-demo/roles/editor/serviceAccount:cluster-sa@xke-configconn-demo.iam.gserviceaccount.com",
            "member": "serviceAccount:cluster-sa@xke-configconn-demo.iam.gserviceaccount.com",
            "project": "xke-configconn-demo",
            "role": "roles/editor"
          },
          "sensitive_attributes": [],
          "private": "bnVsbA==",
          "dependencies": [
            "google_project.configconnector_project",
            "google_service_account.cluster_sa"
          ]
        }
      ]
    },
    {
      "mode": "managed",
      "type": "google_project_service",
      "name": "services",
      "provider": "provider[\"registry.terraform.io/hashicorp/google\"]",
      "instances": [
        {
          "index_key": 0,
          "schema_version": 0,
          "attributes": {
            "disable_dependent_services": null,
            "disable_on_destroy": false,
            "id": "xke-configconn-demo/compute.googleapis.com",
            "project": "xke-configconn-demo",
            "service": "compute.googleapis.com",
            "timeouts": null
          },
          "sensitive_attributes": [],
          "private": "eyJlMmJmYjczMC1lY2FhLTExZTYtOGY4OC0zNDM2M2JjN2M0YzAiOnsiY3JlYXRlIjoxMjAwMDAwMDAwMDAwLCJkZWxldGUiOjEyMDAwMDAwMDAwMDAsInJlYWQiOjYwMDAwMDAwMDAwMCwidXBkYXRlIjoxMjAwMDAwMDAwMDAwfX0=",
          "dependencies": [
            "google_project.configconnector_project"
          ]
        },
        {
          "index_key": 1,
          "schema_version": 0,
          "attributes": {
            "disable_dependent_services": null,
            "disable_on_destroy": false,
            "id": "xke-configconn-demo/container.googleapis.com",
            "project": "xke-configconn-demo",
            "service": "container.googleapis.com",
            "timeouts": null
          },
          "sensitive_attributes": [],
          "private": "eyJlMmJmYjczMC1lY2FhLTExZTYtOGY4OC0zNDM2M2JjN2M0YzAiOnsiY3JlYXRlIjoxMjAwMDAwMDAwMDAwLCJkZWxldGUiOjEyMDAwMDAwMDAwMDAsInJlYWQiOjYwMDAwMDAwMDAwMCwidXBkYXRlIjoxMjAwMDAwMDAwMDAwfX0=",
          "dependencies": [
            "google_project.configconnector_project"
          ]
        }
      ]
    },
    {
      "mode": "managed",
      "type": "google_service_account",
      "name": "cc_sa",
      "provider": "provider[\"registry.terraform.io/hashicorp/google\"]",
      "instances": [
        {
          "schema_version": 0,
          "attributes": {
            "account_id": "configconnector-sa",
            "description": "",
            "disabled": false,
            "display_name": "Config Connector Service Account",
            "email": "configconnector-sa@xke-configconn-demo.iam.gserviceaccount.com",
            "id": "projects/xke-configconn-demo/serviceAccounts/configconnector-sa@xke-configconn-demo.iam.gserviceaccount.com",
            "member": "serviceAccount:configconnector-sa@xke-configconn-demo.iam.gserviceaccount.com",
            "name": "projects/xke-configconn-demo/serviceAccounts/configconnector-sa@xke-configconn-demo.iam.gserviceaccount.com",
            "project": "xke-configconn-demo",
            "timeouts": null,
            "unique_id": "110355433743914081514"
          },
          "sensitive_attributes": [],
          "private": "eyJlMmJmYjczMC1lY2FhLTExZTYtOGY4OC0zNDM2M2JjN2M0YzAiOnsiY3JlYXRlIjozMDAwMDAwMDAwMDB9fQ==",
          "dependencies": [
            "google_project.configconnector_project"
          ]
        }
      ]
    },
    {
      "mode": "managed",
      "type": "google_service_account",
      "name": "cluster_sa",
      "provider": "provider[\"registry.terraform.io/hashicorp/google\"]",
      "instances": [
        {
          "schema_version": 0,
          "attributes": {
            "account_id": "cluster-sa",
            "description": "",
            "disabled": false,
            "display_name": "GKE Nodes Service Account",
            "email": "cluster-sa@xke-configconn-demo.iam.gserviceaccount.com",
            "id": "projects/xke-configconn-demo/serviceAccounts/cluster-sa@xke-configconn-demo.iam.gserviceaccount.com",
            "member": "serviceAccount:cluster-sa@xke-configconn-demo.iam.gserviceaccount.com",
            "name": "projects/xke-configconn-demo/serviceAccounts/cluster-sa@xke-configconn-demo.iam.gserviceaccount.com",
            "project": "xke-configconn-demo",
            "timeouts": null,
            "unique_id": "106188448769567790636"
          },
          "sensitive_attributes": [],
          "private": "eyJlMmJmYjczMC1lY2FhLTExZTYtOGY4OC0zNDM2M2JjN2M0YzAiOnsiY3JlYXRlIjozMDAwMDAwMDAwMDB9fQ==",
          "dependencies": [
            "google_project.configconnector_project"
          ]
        }
      ]
    },
    {
      "mode": "managed",
      "type": "google_service_account_iam_member",
      "name": "gce-default-account-iam",
      "provider": "provider[\"registry.terraform.io/hashicorp/google\"]",
      "instances": [
        {
          "schema_version": 0,
          "attributes": {
            "condition": [],
            "etag": "BwXuhhKQxLg=",
            "id": "projects/xke-configconn-demo/serviceAccounts/configconnector-sa@xke-configconn-demo.iam.gserviceaccount.com/roles/iam.workloadIdentityUser/serviceAccount:xke-configconn-demo.svc.id.goog[cnrm-system/cnrm-controller-manager]",
            "member": "serviceAccount:xke-configconn-demo.svc.id.goog[cnrm-system/cnrm-controller-manager]",
            "role": "roles/iam.workloadIdentityUser",
            "service_account_id": "projects/xke-configconn-demo/serviceAccounts/configconnector-sa@xke-configconn-demo.iam.gserviceaccount.com"
          },
          "sensitive_attributes": [],
          "private": "bnVsbA==",
          "dependencies": [
            "google_project.configconnector_project",
            "google_service_account.cc_sa"
          ]
        }
      ]
    },
    {
      "mode": "managed",
      "type": "kubernetes_manifest",
      "name": "configconnector_configconnector_core_cnrm_cloud_google_com",
      "provider": "provider[\"registry.terraform.io/hashicorp/kubernetes\"]",
      "instances": [
        {
          "schema_version": 1,
          "attributes": {
            "computed_fields": null,
            "field_manager": [],
            "manifest": {
              "value": {
                "apiVersion": "core.cnrm.cloud.google.com/v1beta1",
                "kind": "ConfigConnector",
                "metadata": {
                  "name": "configconnector.core.cnrm.cloud.google.com"
                },
                "spec": {
                  "googleServiceAccount": "configconnector-sa@xke-configconn-demo.iam.gserviceaccount.com",
                  "mode": "cluster"
                }
              },
              "type": [
                "object",
                {
                  "apiVersion": "string",
                  "kind": "string",
                  "metadata": [
                    "object",
                    {
                      "name": "string"
                    }
                  ],
                  "spec": [
                    "object",
                    {
                      "googleServiceAccount": "string",
                      "mode": "string"
                    }
                  ]
                }
              ]
            },
            "object": {
              "value": {
                "apiVersion": "core.cnrm.cloud.google.com/v1beta1",
                "kind": "ConfigConnector",
                "metadata": {
                  "annotations": null,
                  "clusterName": null,
                  "creationTimestamp": null,
                  "deletionGracePeriodSeconds": null,
                  "deletionTimestamp": null,
                  "finalizers": [
                    "configconnector.cnrm.cloud.google.com/finalizer"
                  ],
                  "generateName": null,
                  "generation": null,
                  "labels": null,
                  "managedFields": null,
                  "name": "configconnector.core.cnrm.cloud.google.com",
                  "namespace": null,
                  "ownerReferences": null,
                  "resourceVersion": null,
                  "selfLink": null,
                  "uid": null
                },
                "spec": {
                  "credentialSecretName": null,
                  "googleServiceAccount": "configconnector-sa@xke-configconn-demo.iam.gserviceaccount.com",
                  "mode": "cluster"
                }
              },
              "type": [
                "object",
                {
                  "apiVersion": "string",
                  "kind": "string",
                  "metadata": [
                    "object",
                    {
                      "annotations": [
                        "map",
                        "string"
                      ],
                      "clusterName": "string",
                      "creationTimestamp": "string",
                      "deletionGracePeriodSeconds": "number",
                      "deletionTimestamp": "string",
                      "finalizers": [
                        "list",
                        "string"
                      ],
                      "generateName": "string",
                      "generation": "number",
                      "labels": [
                        "map",
                        "string"
                      ],
                      "managedFields": [
                        "tuple",
                        [
                          [
                            "object",
                            {
                              "apiVersion": "string",
                              "fieldsType": "string",
                              "fieldsV1": "dynamic",
                              "manager": "string",
                              "operation": "string",
                              "subresource": "string",
                              "time": "string"
                            }
                          ]
                        ]
                      ],
                      "name": "string",
                      "namespace": "string",
                      "ownerReferences": [
                        "list",
                        [
                          "object",
                          {
                            "apiVersion": "string",
                            "blockOwnerDeletion": "bool",
                            "controller": "bool",
                            "kind": "string",
                            "name": "string",
                            "uid": "string"
                          }
                        ]
                      ],
                      "resourceVersion": "string",
                      "selfLink": "string",
                      "uid": "string"
                    }
                  ],
                  "spec": [
                    "object",
                    {
                      "credentialSecretName": "string",
                      "googleServiceAccount": "string",
                      "mode": "string"
                    }
                  ]
                }
              ]
            },
            "timeouts": [],
            "wait": [],
            "wait_for": null
          },
          "sensitive_attributes": [],
          "dependencies": [
            "data.google_client_config.provider",
            "google_container_cluster.primary",
            "google_project.configconnector_project",
            "google_project_service.services",
            "google_service_account.cc_sa",
            "google_service_account.cluster_sa"
          ]
        }
      ]
    },
    {
      "mode": "managed",
      "type": "kubernetes_namespace",
      "name": "resources_namespace",
      "provider": "provider[\"registry.terraform.io/hashicorp/kubernetes\"]",
      "instances": [
        {
          "schema_version": 0,
          "attributes": {
            "id": "resources-namespace",
            "metadata": [
              {
                "annotations": {
                  "cnrm.cloud.google.com/project-id": "xke-configconn-demo"
                },
                "generate_name": "",
                "generation": 0,
                "labels": null,
                "name": "resources-namespace",
                "resource_version": "2778781",
                "uid": "a2a87981-38a2-4434-a557-b874b94bb8e3"
              }
            ],
            "timeouts": null
          },
          "sensitive_attributes": [],
          "private": "eyJlMmJmYjczMC1lY2FhLTExZTYtOGY4OC0zNDM2M2JjN2M0YzAiOnsiZGVsZXRlIjozMDAwMDAwMDAwMDB9fQ==",
          "dependencies": [
            "data.google_client_config.provider",
            "google_container_cluster.primary",
            "google_project.configconnector_project"
          ]
        }
      ]
    }
  ],
  "check_results": null
}
